
Microsoft Visual Studio Solution File, Format Version 12.00
# Visual Studio Version 17
VisualStudioVersion = 17.3.32819.101
MinimumVisualStudioVersion = 10.0.40219.1
Project("{FAE04EC0-301F-11D3-BF4B-00C04F79EFBC}") = "LottoML.net6", "LottoML.net6.csproj", "{C8977F5A-AB51-4420-8369-B09454023684}"
EndProject
Global
	GlobalSection(SolutionConfigurationPlatforms) = preSolution
		Debug|Any CPU = Debug|Any CPU
		Release|Any CPU = Release|Any CPU
	EndGlobalSection
	GlobalSection(ProjectConfigurationPlatforms) = postSolution
		{C8977F5A-AB51-4420-8369-B09454023684}.Debug|Any CPU.ActiveCfg = Debug|Any CPU
		{C8977F5A-AB51-4420-8369-B09454023684}.Debug|Any CPU.Build.0 = Debug|Any CPU
		{C8977F5A-AB51-4420-8369-B09454023684}.Release|Any CPU.ActiveCfg = Release|Any CPU
		{C8977F5A-AB51-4420-8369-B09454023684}.Release|Any CPU.Build.0 = Release|Any CPU
	EndGlobalSection
	GlobalSection(SolutionProperties) = preSolution
		HideSolutionNode = FALSE
	EndGlobalSection
	GlobalSection(ExtensibilityGlobals) = postSolution
		SolutionGuid = {FE2E5D6C-F039-456A-ACD0-B889C14AD717}
	EndGlobalSection
EndGlobal
