
Microsoft Visual Studio Solution File, Format Version 12.00
# Visual Studio Version 17
VisualStudioVersion = 17.12.35527.113 d17.12
MinimumVisualStudioVersion = 10.0.40219.1
Project("{FAE04EC0-301F-11D3-BF4B-00C04F79EFBC}") = "BlazorApp3", "BlazorApp3\BlazorApp3.csproj", "{E29F5601-082D-4656-888C-0692B32FD61C}"
EndProject
Project("{FAE04EC0-301F-11D3-BF4B-00C04F79EFBC}") = "BlazorApp3.Client", "BlazorApp3.Client\BlazorApp3.Client.csproj", "{C661D976-118E-4785-95CA-FAFDFB1756E9}"
EndProject
Global
	GlobalSection(SolutionConfigurationPlatforms) = preSolution
		Debug|Any CPU = Debug|Any CPU
		Release|Any CPU = Release|Any CPU
	EndGlobalSection
	GlobalSection(ProjectConfigurationPlatforms) = postSolution
		{E29F5601-082D-4656-888C-0692B32FD61C}.Debug|Any CPU.ActiveCfg = Debug|Any CPU
		{E29F5601-082D-4656-888C-0692B32FD61C}.Debug|Any CPU.Build.0 = Debug|Any CPU
		{E29F5601-082D-4656-888C-0692B32FD61C}.Release|Any CPU.ActiveCfg = Release|Any CPU
		{E29F5601-082D-4656-888C-0692B32FD61C}.Release|Any CPU.Build.0 = Release|Any CPU
		{C661D976-118E-4785-95CA-FAFDFB1756E9}.Debug|Any CPU.ActiveCfg = Debug|Any CPU
		{C661D976-118E-4785-95CA-FAFDFB1756E9}.Debug|Any CPU.Build.0 = Debug|Any CPU
		{C661D976-118E-4785-95CA-FAFDFB1756E9}.Release|Any CPU.ActiveCfg = Release|Any CPU
		{C661D976-118E-4785-95CA-FAFDFB1756E9}.Release|Any CPU.Build.0 = Release|Any CPU
	EndGlobalSection
	GlobalSection(SolutionProperties) = preSolution
		HideSolutionNode = FALSE
	EndGlobalSection
EndGlobal
