
Microsoft Visual Studio Solution File, Format Version 12.00
# Visual Studio Version 17
VisualStudioVersion = 17.1.32328.378
MinimumVisualStudioVersion = 10.0.40219.1
Project("{9A19103F-16F7-4668-BE54-9A1E7A4F7556}") = "BlazorDemo", "BlazorDemo\BlazorDemo.csproj", "{9BD8DEB2-A0C3-402E-ABB7-A35D80C04BE1}"
EndProject
Project("{9A19103F-16F7-4668-BE54-9A1E7A4F7556}") = "HealthChecker", "HealthChecker\HealthChecker.csproj", "{60BB6524-A46F-4189-8EA5-2C45ABBAAFD1}"
EndProject
Project("{FAE04EC0-301F-11D3-BF4B-00C04F79EFBC}") = "MVCDemo", "MVCDemo\MVCDemo.csproj", "{5D488E9C-8389-422E-974C-75762EF249C6}"
EndProject
Global
	GlobalSection(SolutionConfigurationPlatforms) = preSolution
		Debug|Any CPU = Debug|Any CPU
		Release|Any CPU = Release|Any CPU
	EndGlobalSection
	GlobalSection(ProjectConfigurationPlatforms) = postSolution
		{9BD8DEB2-A0C3-402E-ABB7-A35D80C04BE1}.Debug|Any CPU.ActiveCfg = Debug|Any CPU
		{9BD8DEB2-A0C3-402E-ABB7-A35D80C04BE1}.Debug|Any CPU.Build.0 = Debug|Any CPU
		{9BD8DEB2-A0C3-402E-ABB7-A35D80C04BE1}.Release|Any CPU.ActiveCfg = Release|Any CPU
		{9BD8DEB2-A0C3-402E-ABB7-A35D80C04BE1}.Release|Any CPU.Build.0 = Release|Any CPU
		{60BB6524-A46F-4189-8EA5-2C45ABBAAFD1}.Debug|Any CPU.ActiveCfg = Debug|Any CPU
		{60BB6524-A46F-4189-8EA5-2C45ABBAAFD1}.Debug|Any CPU.Build.0 = Debug|Any CPU
		{60BB6524-A46F-4189-8EA5-2C45ABBAAFD1}.Release|Any CPU.ActiveCfg = Release|Any CPU
		{60BB6524-A46F-4189-8EA5-2C45ABBAAFD1}.Release|Any CPU.Build.0 = Release|Any CPU
		{5D488E9C-8389-422E-974C-75762EF249C6}.Debug|Any CPU.ActiveCfg = Debug|Any CPU
		{5D488E9C-8389-422E-974C-75762EF249C6}.Debug|Any CPU.Build.0 = Debug|Any CPU
		{5D488E9C-8389-422E-974C-75762EF249C6}.Release|Any CPU.ActiveCfg = Release|Any CPU
		{5D488E9C-8389-422E-974C-75762EF249C6}.Release|Any CPU.Build.0 = Release|Any CPU
	EndGlobalSection
	GlobalSection(SolutionProperties) = preSolution
		HideSolutionNode = FALSE
	EndGlobalSection
	GlobalSection(ExtensibilityGlobals) = postSolution
		SolutionGuid = {C88CC02B-8010-448E-87E6-C3BD4195F617}
	EndGlobalSection
EndGlobal
